
Microsoft Visual Studio Solution File, Format Version 12.00
# Visual Studio Version 17
VisualStudioVersion = 17.14.36518.9 d17.14
MinimumVisualStudioVersion = 10.0.40219.1
Project("{FAE04EC0-301F-11D3-BF4B-00C04F79EFBC}") = "BaseConverter", "BaseConverter.csproj", "{909A6F9A-D09D-4E90-ABEF-94A2252347C4}"
EndProject
Global
	GlobalSection(SolutionConfigurationPlatforms) = preSolution
		Debug|Any CPU = Debug|Any CPU
		Release|Any CPU = Release|Any CPU
	EndGlobalSection
	GlobalSection(ProjectConfigurationPlatforms) = postSolution
		{909A6F9A-D09D-4E90-ABEF-94A2252347C4}.Debug|Any CPU.ActiveCfg = Debug|Any CPU
		{909A6F9A-D09D-4E90-ABEF-94A2252347C4}.Debug|Any CPU.Build.0 = Debug|Any CPU
		{909A6F9A-D09D-4E90-ABEF-94A2252347C4}.Release|Any CPU.ActiveCfg = Release|Any CPU
		{909A6F9A-D09D-4E90-ABEF-94A2252347C4}.Release|Any CPU.Build.0 = Release|Any CPU
	EndGlobalSection
	GlobalSection(SolutionProperties) = preSolution
		HideSolutionNode = FALSE
	EndGlobalSection
	GlobalSection(ExtensibilityGlobals) = postSolution
		SolutionGuid = {CEAAF49A-E294-451C-AF9E-EE43811F0E70}
	EndGlobalSection
EndGlobal
